
Microsoft Visual Studio Solution File, Format Version 12.00
# Visual Studio Version 16
VisualStudioVersion = 16.0.30523.141
MinimumVisualStudioVersion = 10.0.40219.1
Project("{FAE04EC0-301F-11D3-BF4B-00C04F79EFBC}") = "Backend", "Backend\Backend.csproj", "{37598EF0-F2F0-4057-9089-939403298D82}"
EndProject
Project("{9A19103F-16F7-4668-BE54-9A1E7A4F7556}") = "BackendTests", "BackendTests\BackendTests.csproj", "{B2CBE41E-A820-48B3-89B9-4AA4611F2F41}"
EndProject
Project("{FAE04EC0-301F-11D3-BF4B-00C04F79EFBC}") = "BackendBenchmark", "BackendBenchmark\BackendBenchmark.csproj", "{7F673731-72DD-4ECE-81A7-35D761E69814}"
EndProject
Global
	GlobalSection(SolutionConfigurationPlatforms) = preSolution
		Debug|Any CPU = Debug|Any CPU
		Release|Any CPU = Release|Any CPU
	EndGlobalSection
	GlobalSection(ProjectConfigurationPlatforms) = postSolution
		{37598EF0-F2F0-4057-9089-939403298D82}.Debug|Any CPU.ActiveCfg = Debug|Any CPU
		{37598EF0-F2F0-4057-9089-939403298D82}.Debug|Any CPU.Build.0 = Debug|Any CPU
		{37598EF0-F2F0-4057-9089-939403298D82}.Release|Any CPU.ActiveCfg = Release|Any CPU
		{37598EF0-F2F0-4057-9089-939403298D82}.Release|Any CPU.Build.0 = Release|Any CPU
		{B2CBE41E-A820-48B3-89B9-4AA4611F2F41}.Debug|Any CPU.ActiveCfg = Debug|Any CPU
		{B2CBE41E-A820-48B3-89B9-4AA4611F2F41}.Debug|Any CPU.Build.0 = Debug|Any CPU
		{B2CBE41E-A820-48B3-89B9-4AA4611F2F41}.Release|Any CPU.ActiveCfg = Release|Any CPU
		{B2CBE41E-A820-48B3-89B9-4AA4611F2F41}.Release|Any CPU.Build.0 = Release|Any CPU
		{7F673731-72DD-4ECE-81A7-35D761E69814}.Debug|Any CPU.ActiveCfg = Debug|Any CPU
		{7F673731-72DD-4ECE-81A7-35D761E69814}.Debug|Any CPU.Build.0 = Debug|Any CPU
		{7F673731-72DD-4ECE-81A7-35D761E69814}.Release|Any CPU.ActiveCfg = Release|Any CPU
		{7F673731-72DD-4ECE-81A7-35D761E69814}.Release|Any CPU.Build.0 = Release|Any CPU
	EndGlobalSection
	GlobalSection(SolutionProperties) = preSolution
		HideSolutionNode = FALSE
	EndGlobalSection
	GlobalSection(ExtensibilityGlobals) = postSolution
		SolutionGuid = {E2A5BE46-539B-4C47-A5BA-93D4FC61AFDB}
	EndGlobalSection
EndGlobal
